[[package]]
category = "main"
description = "Python Library for Tom's Obvious, Minimal Language"
name = "toml"
optional = false
python-versions = "*"
version = "0.10.1"

[[package]]
category = "main"
description = "Find dead code"
name = "vulture"
optional = false
python-versions = ">=3.6"
version = "2.1"

[package.dependencies]
toml = "*"

[metadata]
content-hash = "ec86da3802d12a70308345a3289453d84b0b5fa6785b3379bcde420089bd380e"
python-versions = "^3.8"

[metadata.files]
toml = [
    {file = "toml-0.10.1-py2.py3-none-any.whl", hash = "sha256:bda89d5935c2eac546d648028b9901107a595863cb36bae0c73ac804a9b4ce88"},
    {file = "toml-0.10.1.tar.gz", hash = "sha256:926b612be1e5ce0634a2ca03470f95169cf16f939018233a670519cb4ac58b0f"},
]
vulture = [
    {file = "vulture-2.1-py2.py3-none-any.whl", hash = "sha256:f4b3a422a6cb0285ec9df0ed46241a8577fa53ec3c43f8c70bd2a4d708c95377"},
    {file = "vulture-2.1.tar.gz", hash = "sha256:933bf7f3848e9e39ecab6a12faa59d5185471c887534abac13baea6fe8138cc2"},
]
